
Microsoft Visual Studio Solution File, Format Version 12.00
# Visual Studio 2012
Project("{FAE04EC0-301F-11D3-BF4B-00C04F79EFBC}") = "MarkPad", "MarkPad\MarkPad.csproj", "{393EB1F9-F80F-4B78-BEB3-11DD6714DA53}"
EndProject
Project("{2150E333-8FDC-42A3-9474-1A3956D46DE8}") = ".nuget", ".nuget", "{6F8AB8C3-0DD5-4067-AF67-60086386308B}"
	ProjectSection(SolutionItems) = preProject
		.nuget\NuGet.exe = .nuget\NuGet.exe
		.nuget\NuGet.targets = .nuget\NuGet.targets
	EndProjectSection
EndProject
Project("{FAE04EC0-301F-11D3-BF4B-00C04F79EFBC}") = "MarkPad.Tests", "MarkPad.Tests\MarkPad.Tests.csproj", "{EFB6EB25-63DB-4B8B-ADFA-9F2752CEBFFB}"
EndProject
Project("{2150E333-8FDC-42A3-9474-1A3956D46DE8}") = "Plugins", "Plugins", "{930C63A3-C919-4AA1-9292-DB3C4B81F4DA}"
EndProject
Project("{FAE04EC0-301F-11D3-BF4B-00C04F79EFBC}") = "MarkPad.Plugins", "MarkPad.PluginApi\MarkPad.Plugins.csproj", "{E780D0E3-37A4-43D3-89C1-76053FA63752}"
EndProject
Project("{FAE04EC0-301F-11D3-BF4B-00C04F79EFBC}") = "ExamplePlugin", "Plugins\ExamplePlugin\ExamplePlugin.csproj", "{B780B8AD-169E-4300-A29F-713471EF3056}"
EndProject
Project("{FAE04EC0-301F-11D3-BF4B-00C04F79EFBC}") = "ExportToHtmlPlugin", "Plugins\ExportToHtmlPlugin\ExportToHtmlPlugin.csproj", "{F5EF3169-748F-4C96-A4A1-F33381572619}"
EndProject
Project("{FAE04EC0-301F-11D3-BF4B-00C04F79EFBC}") = "MarkPad.PreviewControl", "MarkPad.PreviewControl\MarkPad.PreviewControl.csproj", "{D1EF806F-2DAF-47B3-AA55-EB841ADBD4EF}"
EndProject
Project("{FAE04EC0-301F-11D3-BF4B-00C04F79EFBC}") = "MetaWebLogSite", "MetaWebLogSite\MetaWebLogSite.csproj", "{08CA3FA4-A510-4279-A2B1-ECD5CD5A2CB3}"
EndProject
Project("{FAE04EC0-301F-11D3-BF4B-00C04F79EFBC}") = "Markpad.UITests", "Markpad.UITests\Markpad.UITests.csproj", "{3F6B0B72-DC75-4B4E-8361-8AB257F4048E}"
EndProject
Global
	GlobalSection(SolutionConfigurationPlatforms) = preSolution
		Debug|Any CPU = Debug|Any CPU
		Debug|Mixed Platforms = Debug|Mixed Platforms
		Debug|x86 = Debug|x86
		Release|Any CPU = Release|Any CPU
		Release|Mixed Platforms = Release|Mixed Platforms
		Release|x86 = Release|x86
	EndGlobalSection
	GlobalSection(ProjectConfigurationPlatforms) = postSolution
		{393EB1F9-F80F-4B78-BEB3-11DD6714DA53}.Debug|Any CPU.ActiveCfg = Debug|x86
		{393EB1F9-F80F-4B78-BEB3-11DD6714DA53}.Debug|Mixed Platforms.ActiveCfg = Debug|x86
		{393EB1F9-F80F-4B78-BEB3-11DD6714DA53}.Debug|Mixed Platforms.Build.0 = Debug|x86
		{393EB1F9-F80F-4B78-BEB3-11DD6714DA53}.Debug|x86.ActiveCfg = Debug|x86
		{393EB1F9-F80F-4B78-BEB3-11DD6714DA53}.Debug|x86.Build.0 = Debug|x86
		{393EB1F9-F80F-4B78-BEB3-11DD6714DA53}.Release|Any CPU.ActiveCfg = Release|x86
		{393EB1F9-F80F-4B78-BEB3-11DD6714DA53}.Release|Mixed Platforms.ActiveCfg = Release|x86
		{393EB1F9-F80F-4B78-BEB3-11DD6714DA53}.Release|Mixed Platforms.Build.0 = Release|x86
		{393EB1F9-F80F-4B78-BEB3-11DD6714DA53}.Release|x86.ActiveCfg = Release|x86
		{393EB1F9-F80F-4B78-BEB3-11DD6714DA53}.Release|x86.Build.0 = Release|x86
		{EFB6EB25-63DB-4B8B-ADFA-9F2752CEBFFB}.Debug|Any CPU.ActiveCfg = Debug|x86
		{EFB6EB25-63DB-4B8B-ADFA-9F2752CEBFFB}.Debug|Mixed Platforms.ActiveCfg = Debug|x86
		{EFB6EB25-63DB-4B8B-ADFA-9F2752CEBFFB}.Debug|Mixed Platforms.Build.0 = Debug|x86
		{EFB6EB25-63DB-4B8B-ADFA-9F2752CEBFFB}.Debug|x86.ActiveCfg = Debug|x86
		{EFB6EB25-63DB-4B8B-ADFA-9F2752CEBFFB}.Debug|x86.Build.0 = Debug|x86
		{EFB6EB25-63DB-4B8B-ADFA-9F2752CEBFFB}.Release|Any CPU.ActiveCfg = Release|x86
		{EFB6EB25-63DB-4B8B-ADFA-9F2752CEBFFB}.Release|Mixed Platforms.ActiveCfg = Release|x86
		{EFB6EB25-63DB-4B8B-ADFA-9F2752CEBFFB}.Release|Mixed Platforms.Build.0 = Release|x86
		{EFB6EB25-63DB-4B8B-ADFA-9F2752CEBFFB}.Release|x86.ActiveCfg = Release|x86
		{EFB6EB25-63DB-4B8B-ADFA-9F2752CEBFFB}.Release|x86.Build.0 = Release|x86
		{E780D0E3-37A4-43D3-89C1-76053FA63752}.Debug|Any CPU.ActiveCfg = Debug|x86
		{E780D0E3-37A4-43D3-89C1-76053FA63752}.Debug|Mixed Platforms.ActiveCfg = Debug|x86
		{E780D0E3-37A4-43D3-89C1-76053FA63752}.Debug|Mixed Platforms.Build.0 = Debug|x86
		{E780D0E3-37A4-43D3-89C1-76053FA63752}.Debug|x86.ActiveCfg = Debug|x86
		{E780D0E3-37A4-43D3-89C1-76053FA63752}.Debug|x86.Build.0 = Debug|x86
		{E780D0E3-37A4-43D3-89C1-76053FA63752}.Release|Any CPU.ActiveCfg = Release|x86
		{E780D0E3-37A4-43D3-89C1-76053FA63752}.Release|Mixed Platforms.ActiveCfg = Release|x86
		{E780D0E3-37A4-43D3-89C1-76053FA63752}.Release|Mixed Platforms.Build.0 = Release|x86
		{E780D0E3-37A4-43D3-89C1-76053FA63752}.Release|x86.ActiveCfg = Release|x86
		{E780D0E3-37A4-43D3-89C1-76053FA63752}.Release|x86.Build.0 = Release|x86
		{B780B8AD-169E-4300-A29F-713471EF3056}.Debug|Any CPU.ActiveCfg = Debug|x86
		{B780B8AD-169E-4300-A29F-713471EF3056}.Debug|Mixed Platforms.ActiveCfg = Debug|x86
		{B780B8AD-169E-4300-A29F-713471EF3056}.Debug|Mixed Platforms.Build.0 = Debug|x86
		{B780B8AD-169E-4300-A29F-713471EF3056}.Debug|x86.ActiveCfg = Debug|x86
		{B780B8AD-169E-4300-A29F-713471EF3056}.Debug|x86.Build.0 = Debug|x86
		{B780B8AD-169E-4300-A29F-713471EF3056}.Release|Any CPU.ActiveCfg = Release|x86
		{B780B8AD-169E-4300-A29F-713471EF3056}.Release|Mixed Platforms.ActiveCfg = Release|x86
		{B780B8AD-169E-4300-A29F-713471EF3056}.Release|Mixed Platforms.Build.0 = Release|x86
		{B780B8AD-169E-4300-A29F-713471EF3056}.Release|x86.ActiveCfg = Release|x86
		{B780B8AD-169E-4300-A29F-713471EF3056}.Release|x86.Build.0 = Release|x86
		{F5EF3169-748F-4C96-A4A1-F33381572619}.Debug|Any CPU.ActiveCfg = Debug|x86
		{F5EF3169-748F-4C96-A4A1-F33381572619}.Debug|Mixed Platforms.ActiveCfg = Debug|x86
		{F5EF3169-748F-4C96-A4A1-F33381572619}.Debug|Mixed Platforms.Build.0 = Debug|x86
		{F5EF3169-748F-4C96-A4A1-F33381572619}.Debug|x86.ActiveCfg = Debug|x86
		{F5EF3169-748F-4C96-A4A1-F33381572619}.Debug|x86.Build.0 = Debug|x86
		{F5EF3169-748F-4C96-A4A1-F33381572619}.Release|Any CPU.ActiveCfg = Release|x86
		{F5EF3169-748F-4C96-A4A1-F33381572619}.Release|Mixed Platforms.ActiveCfg = Release|x86
		{F5EF3169-748F-4C96-A4A1-F33381572619}.Release|Mixed Platforms.Build.0 = Release|x86
		{F5EF3169-748F-4C96-A4A1-F33381572619}.Release|x86.ActiveCfg = Release|x86
		{F5EF3169-748F-4C96-A4A1-F33381572619}.Release|x86.Build.0 = Release|x86
		{D1EF806F-2DAF-47B3-AA55-EB841ADBD4EF}.Debug|Any CPU.ActiveCfg = Debug|x86
		{D1EF806F-2DAF-47B3-AA55-EB841ADBD4EF}.Debug|Mixed Platforms.ActiveCfg = Debug|x86
		{D1EF806F-2DAF-47B3-AA55-EB841ADBD4EF}.Debug|Mixed Platforms.Build.0 = Debug|x86
		{D1EF806F-2DAF-47B3-AA55-EB841ADBD4EF}.Debug|x86.ActiveCfg = Debug|x86
		{D1EF806F-2DAF-47B3-AA55-EB841ADBD4EF}.Debug|x86.Build.0 = Debug|x86
		{D1EF806F-2DAF-47B3-AA55-EB841ADBD4EF}.Release|Any CPU.ActiveCfg = Release|x86
		{D1EF806F-2DAF-47B3-AA55-EB841ADBD4EF}.Release|Mixed Platforms.ActiveCfg = Release|x86
		{D1EF806F-2DAF-47B3-AA55-EB841ADBD4EF}.Release|Mixed Platforms.Build.0 = Release|x86
		{D1EF806F-2DAF-47B3-AA55-EB841ADBD4EF}.Release|x86.ActiveCfg = Release|x86
		{D1EF806F-2DAF-47B3-AA55-EB841ADBD4EF}.Release|x86.Build.0 = Release|x86
		{08CA3FA4-A510-4279-A2B1-ECD5CD5A2CB3}.Debug|Any CPU.ActiveCfg = Debug|x86
		{08CA3FA4-A510-4279-A2B1-ECD5CD5A2CB3}.Debug|Mixed Platforms.ActiveCfg = Debug|x86
		{08CA3FA4-A510-4279-A2B1-ECD5CD5A2CB3}.Debug|Mixed Platforms.Build.0 = Debug|x86
		{08CA3FA4-A510-4279-A2B1-ECD5CD5A2CB3}.Debug|x86.ActiveCfg = Debug|x86
		{08CA3FA4-A510-4279-A2B1-ECD5CD5A2CB3}.Debug|x86.Build.0 = Debug|x86
		{08CA3FA4-A510-4279-A2B1-ECD5CD5A2CB3}.Release|Any CPU.ActiveCfg = Release|x86
		{08CA3FA4-A510-4279-A2B1-ECD5CD5A2CB3}.Release|Mixed Platforms.ActiveCfg = Release|x86
		{08CA3FA4-A510-4279-A2B1-ECD5CD5A2CB3}.Release|Mixed Platforms.Build.0 = Release|x86
		{08CA3FA4-A510-4279-A2B1-ECD5CD5A2CB3}.Release|x86.ActiveCfg = Release|x86
		{08CA3FA4-A510-4279-A2B1-ECD5CD5A2CB3}.Release|x86.Build.0 = Release|x86
		{3F6B0B72-DC75-4B4E-8361-8AB257F4048E}.Debug|Any CPU.ActiveCfg = Debug|Any CPU
		{3F6B0B72-DC75-4B4E-8361-8AB257F4048E}.Debug|Any CPU.Build.0 = Debug|Any CPU
		{3F6B0B72-DC75-4B4E-8361-8AB257F4048E}.Debug|Mixed Platforms.ActiveCfg = Debug|Any CPU
		{3F6B0B72-DC75-4B4E-8361-8AB257F4048E}.Debug|Mixed Platforms.Build.0 = Debug|Any CPU
		{3F6B0B72-DC75-4B4E-8361-8AB257F4048E}.Debug|x86.ActiveCfg = Debug|Any CPU
		{3F6B0B72-DC75-4B4E-8361-8AB257F4048E}.Release|Any CPU.ActiveCfg = Release|Any CPU
		{3F6B0B72-DC75-4B4E-8361-8AB257F4048E}.Release|Any CPU.Build.0 = Release|Any CPU
		{3F6B0B72-DC75-4B4E-8361-8AB257F4048E}.Release|Mixed Platforms.ActiveCfg = Release|Any CPU
		{3F6B0B72-DC75-4B4E-8361-8AB257F4048E}.Release|Mixed Platforms.Build.0 = Release|Any CPU
		{3F6B0B72-DC75-4B4E-8361-8AB257F4048E}.Release|x86.ActiveCfg = Release|Any CPU
	EndGlobalSection
	GlobalSection(SolutionProperties) = preSolution
		HideSolutionNode = FALSE
	EndGlobalSection
	GlobalSection(NestedProjects) = preSolution
		{B780B8AD-169E-4300-A29F-713471EF3056} = {930C63A3-C919-4AA1-9292-DB3C4B81F4DA}
		{F5EF3169-748F-4C96-A4A1-F33381572619} = {930C63A3-C919-4AA1-9292-DB3C4B81F4DA}
	EndGlobalSection
EndGlobal
